
Microsoft Visual Studio Solution File, Format Version 12.00
# Visual Studio 15
VisualStudioVersion = 15.0.28307.1169
MinimumVisualStudioVersion = 10.0.40219.1
Project("{FAE04EC0-301F-11D3-BF4B-00C04F79EFBC}") = "practiceArrays", "practiceArrays\practiceArrays.csproj", "{29DC94EF-8E6A-482C-83F1-2EC4A9558683}"
EndProject
Global
	GlobalSection(SolutionConfigurationPlatforms) = preSolution
		Debug|Any CPU = Debug|Any CPU
		Release|Any CPU = Release|Any CPU
	EndGlobalSection
	GlobalSection(ProjectConfigurationPlatforms) = postSolution
		{29DC94EF-8E6A-482C-83F1-2EC4A9558683}.Debug|Any CPU.ActiveCfg = Debug|Any CPU
		{29DC94EF-8E6A-482C-83F1-2EC4A9558683}.Debug|Any CPU.Build.0 = Debug|Any CPU
		{29DC94EF-8E6A-482C-83F1-2EC4A9558683}.Release|Any CPU.ActiveCfg = Release|Any CPU
		{29DC94EF-8E6A-482C-83F1-2EC4A9558683}.Release|Any CPU.Build.0 = Release|Any CPU
	EndGlobalSection
	GlobalSection(SolutionProperties) = preSolution
		HideSolutionNode = FALSE
	EndGlobalSection
	GlobalSection(ExtensibilityGlobals) = postSolution
		SolutionGuid = {D360C61A-C27F-4809-8615-568F92E57632}
	EndGlobalSection
EndGlobal
